{
  "pins" : [
    {
      "identity" : "handyoperators",
      "kind" : "remoteSourceControl",
      "location" : "https://github.com/juliand665/HandyOperators.git",
      "state" : {
        "revision" : "39f39ae74471112d54152227bb70053b59ea796f",
        "version" : "2.1.0"
      }
    },
    {
      "identity" : "simpleparser",
      "kind" : "remoteSourceControl",
      "location" : "https://github.com/juliand665/SimpleParser.git",
      "state" : {
        "branch" : "main",
        "revision" : "3f6e62c2c204541d32d02ce4b70f86784fb4aa31"
      }
    },
    {
      "identity" : "swift-algorithms",
      "kind" : "remoteSourceControl",
      "location" : "https://github.com/apple/swift-algorithms.git",
      "state" : {
        "branch" : "main",
        "revision" : "195e0316d7ba71e134d0f6c677f64b4db6160c46"
      }
    },
    {
      "identity" : "swift-numerics",
      "kind" : "remoteSourceControl",
      "location" : "https://github.com/apple/swift-numerics",
      "state" : {
        "revision" : "0a5bc04095a675662cf24757cc0640aa2204253b",
        "version" : "1.0.2"
      }
    },
    {
      "identity" : "userdefault",
      "kind" : "remoteSourceControl",
      "location" : "https://github.com/juliand665/UserDefault",
      "state" : {
        "revision" : "8ca856780b36c008576acf1b2dff07bad7e29ebd",
        "version" : "1.2.0"
      }
    }
  ],
  "version" : 2
}
