// !$*UTF8*$!
{
	archiveVersion = 1;
	classes = {
	};
	objectVersion = 56;
	objects = {

/* Begin PBXBuildFile section */
		B9269B7028D22BE300B95697 /* ObjectID.swift in Sources */ = {isa = PBXBuildFile; fileRef = B9269B6F28D22BE300B95697 /* ObjectID.swift */; };
		B9269B7228D22BFE00B95697 /* ItemBag.swift in Sources */ = {isa = PBXBuildFile; fileRef = B9269B7128D22BFE00B95697 /* ItemBag.swift */; };
		B9269B7428D22C2200B95697 /* Crafting.swift in Sources */ = {isa = PBXBuildFile; fileRef = B9269B7328D22C2200B95697 /* Crafting.swift */; };
		B9269B7628D22C5A00B95697 /* ItemPicker.swift in Sources */ = {isa = PBXBuildFile; fileRef = B9269B7528D22C5A00B95697 /* ItemPicker.swift */; };
		B9269B7828D2376800B95697 /* ProcessView.swift in Sources */ = {isa = PBXBuildFile; fileRef = B9269B7728D2376800B95697 /* ProcessView.swift */; };
		B9269B7B28D2490800B95697 /* Algorithms in Frameworks */ = {isa = PBXBuildFile; productRef = B9269B7A28D2490800B95697 /* Algorithms */; };
		B9269B7D28D2518300B95697 /* Swift+Helpers.swift in Sources */ = {isa = PBXBuildFile; fileRef = B9269B7C28D2518300B95697 /* Swift+Helpers.swift */; };
		B9269B7F28D2540900B95697 /* Fraction.swift in Sources */ = {isa = PBXBuildFile; fileRef = B9269B7E28D2540900B95697 /* Fraction.swift */; };
		B9269B8128D2801400B95697 /* Fraction.swift in Sources */ = {isa = PBXBuildFile; fileRef = B9269B7E28D2540900B95697 /* Fraction.swift */; };
		B9269B8428D2929800B95697 /* HandyOperators in Frameworks */ = {isa = PBXBuildFile; productRef = B9269B8328D2929800B95697 /* HandyOperators */; };
		B9269B8628D2AC6100B95697 /* FractionEditor.swift in Sources */ = {isa = PBXBuildFile; fileRef = B9269B8528D2AC6000B95697 /* FractionEditor.swift */; };
		B945242328D1108D00D9937B /* SatisplanneryApp.swift in Sources */ = {isa = PBXBuildFile; fileRef = B945242228D1108D00D9937B /* SatisplanneryApp.swift */; };
		B945242528D1108D00D9937B /* ContentView.swift in Sources */ = {isa = PBXBuildFile; fileRef = B945242428D1108D00D9937B /* ContentView.swift */; };
		B945242728D1109200D9937B /* Assets.xcassets in Resources */ = {isa = PBXBuildFile; fileRef = B945242628D1109200D9937B /* Assets.xcassets */; };
		B945242B28D1109200D9937B /* Preview Assets.xcassets in Resources */ = {isa = PBXBuildFile; fileRef = B945242A28D1109200D9937B /* Preview Assets.xcassets */; };
		B945243A28D1230800D9937B /* main.swift in Sources */ = {isa = PBXBuildFile; fileRef = B945243928D1230800D9937B /* main.swift */; };
		B945244328D1319000D9937B /* SimpleParser in Frameworks */ = {isa = PBXBuildFile; productRef = B945244228D1319000D9937B /* SimpleParser */; };
		B945244628D1458700D9937B /* Classes.swift in Sources */ = {isa = PBXBuildFile; fileRef = B945244528D1458700D9937B /* Classes.swift */; };
		B945244828D145CB00D9937B /* RawClass.swift in Sources */ = {isa = PBXBuildFile; fileRef = B945244728D145CB00D9937B /* RawClass.swift */; };
		B945244A28D145ED00D9937B /* Swift+Helpers.swift in Sources */ = {isa = PBXBuildFile; fileRef = B945244928D145ED00D9937B /* Swift+Helpers.swift */; };
		B945244C28D149F800D9937B /* data.json in Resources */ = {isa = PBXBuildFile; fileRef = B945244B28D149F800D9937B /* data.json */; };
		B945244E28D14A0100D9937B /* images in Resources */ = {isa = PBXBuildFile; fileRef = B945244D28D14A0100D9937B /* images */; };
		B945245028D1586600D9937B /* GameData.swift in Sources */ = {isa = PBXBuildFile; fileRef = B945244F28D1586600D9937B /* GameData.swift */; };
		B945245228D158A200D9937B /* ItemViews.swift in Sources */ = {isa = PBXBuildFile; fileRef = B945245128D158A200D9937B /* ItemViews.swift */; };
		B945245528D1695C00D9937B /* UserDefault in Frameworks */ = {isa = PBXBuildFile; productRef = B945245428D1695C00D9937B /* UserDefault */; };
		B94C274C28DFA9DD00402AAA /* Migrator.swift in Sources */ = {isa = PBXBuildFile; fileRef = B94C274B28DFA9DD00402AAA /* Migrator.swift */; };
		B94EF54C299FD879004009AA /* ErrorContainer.swift in Sources */ = {isa = PBXBuildFile; fileRef = B94EF54B299FD879004009AA /* ErrorContainer.swift */; };
		B9596BBE2A19A75300D317D7 /* Localizable.stringsdict in Resources */ = {isa = PBXBuildFile; fileRef = B9596BBD2A19A75300D317D7 /* Localizable.stringsdict */; };
		B9596BC02A19C4C700D317D7 /* MoveDestinationPicker.swift in Sources */ = {isa = PBXBuildFile; fileRef = B9596BBF2A19C4C600D317D7 /* MoveDestinationPicker.swift */; };
		B9596BC92A19C6C600D317D7 /* FolderView.swift in Sources */ = {isa = PBXBuildFile; fileRef = B9596BC82A19C6C600D317D7 /* FolderView.swift */; };
		B9596BCB2A19C6FB00D317D7 /* EntryCell.swift in Sources */ = {isa = PBXBuildFile; fileRef = B9596BCA2A19C6FB00D317D7 /* EntryCell.swift */; };
		B9596BCD2A19C7A400D317D7 /* NSItemProvider+Transferable.swift in Sources */ = {isa = PBXBuildFile; fileRef = B9596BCC2A19C7A400D317D7 /* NSItemProvider+Transferable.swift */; };
		B95BA2272957BF5D00176E4A /* ProcessManager.swift in Sources */ = {isa = PBXBuildFile; fileRef = B95BA2262957BF5D00176E4A /* ProcessManager.swift */; };
		B9891E6528E32D52005D45E7 /* ReorderingView.swift in Sources */ = {isa = PBXBuildFile; fileRef = B9891E6428E32D52005D45E7 /* ReorderingView.swift */; };
		B98C76682AE045B300D2944A /* Observation+Tracking.swift in Sources */ = {isa = PBXBuildFile; fileRef = B98C76672AE045B300D2944A /* Observation+Tracking.swift */; };
		B98C767D2AE1B74C00D2944A /* Hierarchy+Encoding.swift in Sources */ = {isa = PBXBuildFile; fileRef = B98C767C2AE1B74C00D2944A /* Hierarchy+Encoding.swift */; };
		B98C767F2AE21E6200D2944A /* Hierarchy+Transferable.swift in Sources */ = {isa = PBXBuildFile; fileRef = B98C767E2AE21E6200D2944A /* Hierarchy+Transferable.swift */; };
		B98C76812AE21FEB00D2944A /* Hierarchy.swift in Sources */ = {isa = PBXBuildFile; fileRef = B98C76802AE21FEB00D2944A /* Hierarchy.swift */; };
		B9B11A6528DC06E8006EC232 /* SwiftUI+Helpers.swift in Sources */ = {isa = PBXBuildFile; fileRef = B9B11A6428DC06E8006EC232 /* SwiftUI+Helpers.swift */; };
		B9B11A6728DC093D006EC232 /* BuildingView.swift in Sources */ = {isa = PBXBuildFile; fileRef = B9B11A6628DC093D006EC232 /* BuildingView.swift */; };
		B9B11A6928DC99FD006EC232 /* CalculationView.swift in Sources */ = {isa = PBXBuildFile; fileRef = B9B11A6828DC99FD006EC232 /* CalculationView.swift */; };
		B9C4484A29AFBEC40055B158 /* Introspect in Frameworks */ = {isa = PBXBuildFile; productRef = B9C4484929AFBEC40055B158 /* Introspect */; };
/* End PBXBuildFile section */

/* Begin PBXCopyFilesBuildPhase section */
		B945243528D1230800D9937B /* CopyFiles */ = {
			isa = PBXCopyFilesBuildPhase;
			buildActionMask = 2147483647;
			dstPath = /usr/share/man/man1/;
			dstSubfolderSpec = 0;
			files = (
			);
			runOnlyForDeploymentPostprocessing = 1;
		};
/* End PBXCopyFilesBuildPhase section */

/* Begin PBXFileReference section */
		B9269B6F28D22BE300B95697 /* ObjectID.swift */ = {isa = PBXFileReference; lastKnownFileType = sourcecode.swift; path = ObjectID.swift; sourceTree = "<group>"; };
		B9269B7128D22BFE00B95697 /* ItemBag.swift */ = {isa = PBXFileReference; lastKnownFileType = sourcecode.swift; path = ItemBag.swift; sourceTree = "<group>"; };
		B9269B7328D22C2200B95697 /* Crafting.swift */ = {isa = PBXFileReference; lastKnownFileType = sourcecode.swift; path = Crafting.swift; sourceTree = "<group>"; };
		B9269B7528D22C5A00B95697 /* ItemPicker.swift */ = {isa = PBXFileReference; lastKnownFileType = sourcecode.swift; path = ItemPicker.swift; sourceTree = "<group>"; };
		B9269B7728D2376800B95697 /* ProcessView.swift */ = {isa = PBXFileReference; lastKnownFileType = sourcecode.swift; path = ProcessView.swift; sourceTree = "<group>"; };
		B9269B7C28D2518300B95697 /* Swift+Helpers.swift */ = {isa = PBXFileReference; lastKnownFileType = sourcecode.swift; path = "Swift+Helpers.swift"; sourceTree = "<group>"; };
		B9269B7E28D2540900B95697 /* Fraction.swift */ = {isa = PBXFileReference; lastKnownFileType = sourcecode.swift; path = Fraction.swift; sourceTree = "<group>"; };
		B9269B8528D2AC6000B95697 /* FractionEditor.swift */ = {isa = PBXFileReference; lastKnownFileType = sourcecode.swift; path = FractionEditor.swift; sourceTree = "<group>"; };
		B9269B8728D2BE4D00B95697 /* Info.plist */ = {isa = PBXFileReference; lastKnownFileType = text.plist; path = Info.plist; sourceTree = "<group>"; };
		B945241F28D1108D00D9937B /* Satisplannery.app */ = {isa = PBXFileReference; explicitFileType = wrapper.application; includeInIndex = 0; path = Satisplannery.app; sourceTree = BUILT_PRODUCTS_DIR; };
		B945242228D1108D00D9937B /* SatisplanneryApp.swift */ = {isa = PBXFileReference; lastKnownFileType = sourcecode.swift; path = SatisplanneryApp.swift; sourceTree = "<group>"; };
		B945242428D1108D00D9937B /* ContentView.swift */ = {isa = PBXFileReference; lastKnownFileType = sourcecode.swift; path = ContentView.swift; sourceTree = "<group>"; };
		B945242628D1109200D9937B /* Assets.xcassets */ = {isa = PBXFileReference; lastKnownFileType = folder.assetcatalog; path = Assets.xcassets; sourceTree = "<group>"; };
		B945242828D1109200D9937B /* Satisplannery.entitlements */ = {isa = PBXFileReference; lastKnownFileType = text.plist.entitlements; path = Satisplannery.entitlements; sourceTree = "<group>"; };
		B945242A28D1109200D9937B /* Preview Assets.xcassets */ = {isa = PBXFileReference; lastKnownFileType = folder.assetcatalog; path = "Preview Assets.xcassets"; sourceTree = "<group>"; };
		B945243728D1230800D9937B /* Data Collector */ = {isa = PBXFileReference; explicitFileType = "compiled.mach-o.executable"; includeInIndex = 0; path = "Data Collector"; sourceTree = BUILT_PRODUCTS_DIR; };
		B945243928D1230800D9937B /* main.swift */ = {isa = PBXFileReference; lastKnownFileType = sourcecode.swift; path = main.swift; sourceTree = "<group>"; };
		B945244528D1458700D9937B /* Classes.swift */ = {isa = PBXFileReference; lastKnownFileType = sourcecode.swift; path = Classes.swift; sourceTree = "<group>"; };
		B945244728D145CB00D9937B /* RawClass.swift */ = {isa = PBXFileReference; lastKnownFileType = sourcecode.swift; path = RawClass.swift; sourceTree = "<group>"; };
		B945244928D145ED00D9937B /* Swift+Helpers.swift */ = {isa = PBXFileReference; lastKnownFileType = sourcecode.swift; path = "Swift+Helpers.swift"; sourceTree = "<group>"; };
		B945244B28D149F800D9937B /* data.json */ = {isa = PBXFileReference; fileEncoding = 4; lastKnownFileType = text.json; path = data.json; sourceTree = "<group>"; };
		B945244D28D14A0100D9937B /* images */ = {isa = PBXFileReference; lastKnownFileType = folder; path = images; sourceTree = "<group>"; };
		B945244F28D1586600D9937B /* GameData.swift */ = {isa = PBXFileReference; lastKnownFileType = sourcecode.swift; path = GameData.swift; sourceTree = "<group>"; };
		B945245128D158A200D9937B /* ItemViews.swift */ = {isa = PBXFileReference; lastKnownFileType = sourcecode.swift; path = ItemViews.swift; sourceTree = "<group>"; };
		B94C274B28DFA9DD00402AAA /* Migrator.swift */ = {isa = PBXFileReference; lastKnownFileType = sourcecode.swift; path = Migrator.swift; sourceTree = "<group>"; };
		B94EF54B299FD879004009AA /* ErrorContainer.swift */ = {isa = PBXFileReference; lastKnownFileType = sourcecode.swift; path = ErrorContainer.swift; sourceTree = "<group>"; };
		B9596BBD2A19A75300D317D7 /* Localizable.stringsdict */ = {isa = PBXFileReference; lastKnownFileType = text.plist.stringsdict; path = Localizable.stringsdict; sourceTree = "<group>"; };
		B9596BBF2A19C4C600D317D7 /* MoveDestinationPicker.swift */ = {isa = PBXFileReference; lastKnownFileType = sourcecode.swift; path = MoveDestinationPicker.swift; sourceTree = "<group>"; };
		B9596BC82A19C6C600D317D7 /* FolderView.swift */ = {isa = PBXFileReference; lastKnownFileType = sourcecode.swift; path = FolderView.swift; sourceTree = "<group>"; };
		B9596BCA2A19C6FB00D317D7 /* EntryCell.swift */ = {isa = PBXFileReference; lastKnownFileType = sourcecode.swift; path = EntryCell.swift; sourceTree = "<group>"; };
		B9596BCC2A19C7A400D317D7 /* NSItemProvider+Transferable.swift */ = {isa = PBXFileReference; lastKnownFileType = sourcecode.swift; path = "NSItemProvider+Transferable.swift"; sourceTree = "<group>"; };
		B95BA2262957BF5D00176E4A /* ProcessManager.swift */ = {isa = PBXFileReference; lastKnownFileType = sourcecode.swift; path = ProcessManager.swift; sourceTree = "<group>"; };
		B9891E6428E32D52005D45E7 /* ReorderingView.swift */ = {isa = PBXFileReference; lastKnownFileType = sourcecode.swift; path = ReorderingView.swift; sourceTree = "<group>"; };
		B98C76672AE045B300D2944A /* Observation+Tracking.swift */ = {isa = PBXFileReference; lastKnownFileType = sourcecode.swift; path = "Observation+Tracking.swift"; sourceTree = "<group>"; };
		B98C767C2AE1B74C00D2944A /* Hierarchy+Encoding.swift */ = {isa = PBXFileReference; lastKnownFileType = sourcecode.swift; path = "Hierarchy+Encoding.swift"; sourceTree = "<group>"; };
		B98C767E2AE21E6200D2944A /* Hierarchy+Transferable.swift */ = {isa = PBXFileReference; lastKnownFileType = sourcecode.swift; path = "Hierarchy+Transferable.swift"; sourceTree = "<group>"; };
		B98C76802AE21FEB00D2944A /* Hierarchy.swift */ = {isa = PBXFileReference; lastKnownFileType = sourcecode.swift; path = Hierarchy.swift; sourceTree = "<group>"; };
		B9B11A6428DC06E8006EC232 /* SwiftUI+Helpers.swift */ = {isa = PBXFileReference; lastKnownFileType = sourcecode.swift; path = "SwiftUI+Helpers.swift"; sourceTree = "<group>"; };
		B9B11A6628DC093D006EC232 /* BuildingView.swift */ = {isa = PBXFileReference; lastKnownFileType = sourcecode.swift; path = BuildingView.swift; sourceTree = "<group>"; };
		B9B11A6828DC99FD006EC232 /* CalculationView.swift */ = {isa = PBXFileReference; lastKnownFileType = sourcecode.swift; path = CalculationView.swift; sourceTree = "<group>"; };
/* End PBXFileReference section */

/* Begin PBXFrameworksBuildPhase section */
		B945241C28D1108D00D9937B /* Frameworks */ = {
			isa = PBXFrameworksBuildPhase;
			buildActionMask = 2147483647;
			files = (
				B9269B7B28D2490800B95697 /* Algorithms in Frameworks */,
				B9C4484A29AFBEC40055B158 /* Introspect in Frameworks */,
				B945245528D1695C00D9937B /* UserDefault in Frameworks */,
			);
			runOnlyForDeploymentPostprocessing = 0;
		};
		B945243428D1230800D9937B /* Frameworks */ = {
			isa = PBXFrameworksBuildPhase;
			buildActionMask = 2147483647;
			files = (
				B945244328D1319000D9937B /* SimpleParser in Frameworks */,
				B9269B8428D2929800B95697 /* HandyOperators in Frameworks */,
			);
			runOnlyForDeploymentPostprocessing = 0;
		};
/* End PBXFrameworksBuildPhase section */

/* Begin PBXGroup section */
		B9269B6E28D22BD900B95697 /* Models */ = {
			isa = PBXGroup;
			children = (
				B945244F28D1586600D9937B /* GameData.swift */,
				B9269B6F28D22BE300B95697 /* ObjectID.swift */,
				B9269B7128D22BFE00B95697 /* ItemBag.swift */,
				B9269B7328D22C2200B95697 /* Crafting.swift */,
				B94C274B28DFA9DD00402AAA /* Migrator.swift */,
				B95BA2262957BF5D00176E4A /* ProcessManager.swift */,
				B98C76802AE21FEB00D2944A /* Hierarchy.swift */,
				B98C767C2AE1B74C00D2944A /* Hierarchy+Encoding.swift */,
				B98C767E2AE21E6200D2944A /* Hierarchy+Transferable.swift */,
			);
			path = Models;
			sourceTree = "<group>";
		};
		B9269B8028D2800000B95697 /* Shared */ = {
			isa = PBXGroup;
			children = (
				B9269B7E28D2540900B95697 /* Fraction.swift */,
			);
			path = Shared;
			sourceTree = "<group>";
		};
		B945241628D1108D00D9937B = {
			isa = PBXGroup;
			children = (
				B945242128D1108D00D9937B /* Satisplannery */,
				B9269B8028D2800000B95697 /* Shared */,
				B945243828D1230800D9937B /* Data Collector */,
				B945242028D1108D00D9937B /* Products */,
				B945244128D1319000D9937B /* Frameworks */,
			);
			sourceTree = "<group>";
		};
		B945242028D1108D00D9937B /* Products */ = {
			isa = PBXGroup;
			children = (
				B945241F28D1108D00D9937B /* Satisplannery.app */,
				B945243728D1230800D9937B /* Data Collector */,
			);
			name = Products;
			sourceTree = "<group>";
		};
		B945242128D1108D00D9937B /* Satisplannery */ = {
			isa = PBXGroup;
			children = (
				B9269B8728D2BE4D00B95697 /* Info.plist */,
				B945242228D1108D00D9937B /* SatisplanneryApp.swift */,
				B9596BC52A19C68700D317D7 /* Navigation */,
				B9596BC42A19C67500D317D7 /* Process Editing */,
				B9596BC72A19C6A800D317D7 /* General */,
				B9269B6E28D22BD900B95697 /* Models */,
				B9596BC62A19C69C00D317D7 /* Helpers */,
				B9596BBD2A19A75300D317D7 /* Localizable.stringsdict */,
				B945242628D1109200D9937B /* Assets.xcassets */,
				B945244B28D149F800D9937B /* data.json */,
				B945244D28D14A0100D9937B /* images */,
				B945242828D1109200D9937B /* Satisplannery.entitlements */,
				B945242928D1109200D9937B /* Preview Content */,
			);
			path = Satisplannery;
			sourceTree = "<group>";
		};
		B945242928D1109200D9937B /* Preview Content */ = {
			isa = PBXGroup;
			children = (
				B945242A28D1109200D9937B /* Preview Assets.xcassets */,
			);
			path = "Preview Content";
			sourceTree = "<group>";
		};
		B945243828D1230800D9937B /* Data Collector */ = {
			isa = PBXGroup;
			children = (
				B945243928D1230800D9937B /* main.swift */,
				B945244528D1458700D9937B /* Classes.swift */,
				B945244928D145ED00D9937B /* Swift+Helpers.swift */,
				B945244728D145CB00D9937B /* RawClass.swift */,
			);
			path = "Data Collector";
			sourceTree = "<group>";
		};
		B945244128D1319000D9937B /* Frameworks */ = {
			isa = PBXGroup;
			children = (
			);
			name = Frameworks;
			sourceTree = "<group>";
		};
		B9596BC42A19C67500D317D7 /* Process Editing */ = {
			isa = PBXGroup;
			children = (
				B9269B7728D2376800B95697 /* ProcessView.swift */,
				B9B11A6828DC99FD006EC232 /* CalculationView.swift */,
				B9B11A6628DC093D006EC232 /* BuildingView.swift */,
				B9891E6428E32D52005D45E7 /* ReorderingView.swift */,
				B9269B7528D22C5A00B95697 /* ItemPicker.swift */,
			);
			path = "Process Editing";
			sourceTree = "<group>";
		};
		B9596BC52A19C68700D317D7 /* Navigation */ = {
			isa = PBXGroup;
			children = (
				B945242428D1108D00D9937B /* ContentView.swift */,
				B9596BC82A19C6C600D317D7 /* FolderView.swift */,
				B9596BBF2A19C4C600D317D7 /* MoveDestinationPicker.swift */,
				B9596BCA2A19C6FB00D317D7 /* EntryCell.swift */,
			);
			path = Navigation;
			sourceTree = "<group>";
		};
		B9596BC62A19C69C00D317D7 /* Helpers */ = {
			isa = PBXGroup;
			children = (
				B94EF54B299FD879004009AA /* ErrorContainer.swift */,
				B9269B7C28D2518300B95697 /* Swift+Helpers.swift */,
				B9B11A6428DC06E8006EC232 /* SwiftUI+Helpers.swift */,
				B9596BCC2A19C7A400D317D7 /* NSItemProvider+Transferable.swift */,
				B98C76672AE045B300D2944A /* Observation+Tracking.swift */,
			);
			path = Helpers;
			sourceTree = "<group>";
		};
		B9596BC72A19C6A800D317D7 /* General */ = {
			isa = PBXGroup;
			children = (
				B945245128D158A200D9937B /* ItemViews.swift */,
				B9269B8528D2AC6000B95697 /* FractionEditor.swift */,
			);
			path = General;
			sourceTree = "<group>";
		};
/* End PBXGroup section */

/* Begin PBXNativeTarget section */
		B945241E28D1108D00D9937B /* Satisplannery */ = {
			isa = PBXNativeTarget;
			buildConfigurationList = B945242E28D1109200D9937B /* Build configuration list for PBXNativeTarget "Satisplannery" */;
			buildPhases = (
				B945241B28D1108D00D9937B /* Sources */,
				B945241C28D1108D00D9937B /* Frameworks */,
				B945241D28D1108D00D9937B /* Resources */,
			);
			buildRules = (
			);
			dependencies = (
			);
			name = Satisplannery;
			packageProductDependencies = (
				B945245428D1695C00D9937B /* UserDefault */,
				B9269B7A28D2490800B95697 /* Algorithms */,
				B9C4484929AFBEC40055B158 /* Introspect */,
			);
			productName = Satisplannery;
			productReference = B945241F28D1108D00D9937B /* Satisplannery.app */;
			productType = "com.apple.product-type.application";
		};
		B945243628D1230800D9937B /* Data Collector */ = {
			isa = PBXNativeTarget;
			buildConfigurationList = B945243B28D1230800D9937B /* Build configuration list for PBXNativeTarget "Data Collector" */;
			buildPhases = (
				B945243328D1230800D9937B /* Sources */,
				B945243428D1230800D9937B /* Frameworks */,
				B945243528D1230800D9937B /* CopyFiles */,
			);
			buildRules = (
			);
			dependencies = (
			);
			name = "Data Collector";
			packageProductDependencies = (
				B945244228D1319000D9937B /* SimpleParser */,
				B9269B8328D2929800B95697 /* HandyOperators */,
			);
			productName = "Data Collector";
			productReference = B945243728D1230800D9937B /* Data Collector */;
			productType = "com.apple.product-type.tool";
		};
/* End PBXNativeTarget section */

/* Begin PBXProject section */
		B945241728D1108D00D9937B /* Project object */ = {
			isa = PBXProject;
			attributes = {
				BuildIndependentTargetsInParallel = 1;
				LastSwiftUpdateCheck = 1400;
				LastUpgradeCheck = 1500;
				TargetAttributes = {
					B945241E28D1108D00D9937B = {
						CreatedOnToolsVersion = 14.0;
					};
					B945243628D1230800D9937B = {
						CreatedOnToolsVersion = 14.0;
					};
				};
			};
			buildConfigurationList = B945241A28D1108D00D9937B /* Build configuration list for PBXProject "Satisplannery" */;
			compatibilityVersion = "Xcode 14.0";
			developmentRegion = en;
			hasScannedForEncodings = 0;
			knownRegions = (
				en,
				Base,
			);
			mainGroup = B945241628D1108D00D9937B;
			packageReferences = (
				B945243E28D1317500D9937B /* XCRemoteSwiftPackageReference "SimpleParser" */,
				B945245328D1695C00D9937B /* XCRemoteSwiftPackageReference "UserDefault" */,
				B9269B7928D2490800B95697 /* XCRemoteSwiftPackageReference "swift-algorithms" */,
				B9269B8228D2929800B95697 /* XCRemoteSwiftPackageReference "HandyOperators" */,
				B9C4484829AFBEC40055B158 /* XCRemoteSwiftPackageReference "SwiftUI-Introspect" */,
			);
			productRefGroup = B945242028D1108D00D9937B /* Products */;
			projectDirPath = "";
			projectRoot = "";
			targets = (
				B945241E28D1108D00D9937B /* Satisplannery */,
				B945243628D1230800D9937B /* Data Collector */,
			);
		};
/* End PBXProject section */

/* Begin PBXResourcesBuildPhase section */
		B945241D28D1108D00D9937B /* Resources */ = {
			isa = PBXResourcesBuildPhase;
			buildActionMask = 2147483647;
			files = (
				B945244E28D14A0100D9937B /* images in Resources */,
				B945242B28D1109200D9937B /* Preview Assets.xcassets in Resources */,
				B945244C28D149F800D9937B /* data.json in Resources */,
				B9596BBE2A19A75300D317D7 /* Localizable.stringsdict in Resources */,
				B945242728D1109200D9937B /* Assets.xcassets in Resources */,
			);
			runOnlyForDeploymentPostprocessing = 0;
		};
/* End PBXResourcesBuildPhase section */

/* Begin PBXSourcesBuildPhase section */
		B945241B28D1108D00D9937B /* Sources */ = {
			isa = PBXSourcesBuildPhase;
			buildActionMask = 2147483647;
			files = (
				B9269B7828D2376800B95697 /* ProcessView.swift in Sources */,
				B9269B7628D22C5A00B95697 /* ItemPicker.swift in Sources */,
				B9596BC02A19C4C700D317D7 /* MoveDestinationPicker.swift in Sources */,
				B9B11A6728DC093D006EC232 /* BuildingView.swift in Sources */,
				B945242528D1108D00D9937B /* ContentView.swift in Sources */,
				B98C767D2AE1B74C00D2944A /* Hierarchy+Encoding.swift in Sources */,
				B98C76812AE21FEB00D2944A /* Hierarchy.swift in Sources */,
				B9269B7D28D2518300B95697 /* Swift+Helpers.swift in Sources */,
				B945245028D1586600D9937B /* GameData.swift in Sources */,
				B9596BCD2A19C7A400D317D7 /* NSItemProvider+Transferable.swift in Sources */,
				B94EF54C299FD879004009AA /* ErrorContainer.swift in Sources */,
				B9596BCB2A19C6FB00D317D7 /* EntryCell.swift in Sources */,
				B9596BC92A19C6C600D317D7 /* FolderView.swift in Sources */,
				B9269B7028D22BE300B95697 /* ObjectID.swift in Sources */,
				B9269B7228D22BFE00B95697 /* ItemBag.swift in Sources */,
				B94C274C28DFA9DD00402AAA /* Migrator.swift in Sources */,
				B95BA2272957BF5D00176E4A /* ProcessManager.swift in Sources */,
				B9269B7428D22C2200B95697 /* Crafting.swift in Sources */,
				B9269B8628D2AC6100B95697 /* FractionEditor.swift in Sources */,
				B98C767F2AE21E6200D2944A /* Hierarchy+Transferable.swift in Sources */,
				B945245228D158A200D9937B /* ItemViews.swift in Sources */,
				B9B11A6528DC06E8006EC232 /* SwiftUI+Helpers.swift in Sources */,
				B945242328D1108D00D9937B /* SatisplanneryApp.swift in Sources */,
				B9B11A6928DC99FD006EC232 /* CalculationView.swift in Sources */,
				B9891E6528E32D52005D45E7 /* ReorderingView.swift in Sources */,
				B9269B7F28D2540900B95697 /* Fraction.swift in Sources */,
				B98C76682AE045B300D2944A /* Observation+Tracking.swift in Sources */,
			);
			runOnlyForDeploymentPostprocessing = 0;
		};
		B945243328D1230800D9937B /* Sources */ = {
			isa = PBXSourcesBuildPhase;
			buildActionMask = 2147483647;
			files = (
				B945244828D145CB00D9937B /* RawClass.swift in Sources */,
				B945244A28D145ED00D9937B /* Swift+Helpers.swift in Sources */,
				B945244628D1458700D9937B /* Classes.swift in Sources */,
				B945243A28D1230800D9937B /* main.swift in Sources */,
				B9269B8128D2801400B95697 /* Fraction.swift in Sources */,
			);
			runOnlyForDeploymentPostprocessing = 0;
		};
/* End PBXSourcesBuildPhase section */

/* Begin XCBuildConfiguration section */
		B945242C28D1109200D9937B /* Debug */ = {
			isa = XCBuildConfiguration;
			buildSettings = {
				ALWAYS_SEARCH_USER_PATHS = NO;
				ASSETCATALOG_COMPILER_GENERATE_SWIFT_ASSET_SYMBOL_EXTENSIONS = YES;
				CLANG_ANALYZER_NONNULL = YES;
				CLANG_ANALYZER_NUMBER_OBJECT_CONVERSION = YES_AGGRESSIVE;
				CLANG_CXX_LANGUAGE_STANDARD = "gnu++20";
				CLANG_ENABLE_MODULES = YES;
				CLANG_ENABLE_OBJC_ARC = YES;
				CLANG_ENABLE_OBJC_WEAK = YES;
				CLANG_WARN_BLOCK_CAPTURE_AUTORELEASING = YES;
				CLANG_WARN_BOOL_CONVERSION = YES;
				CLANG_WARN_COMMA = YES;
				CLANG_WARN_CONSTANT_CONVERSION = YES;
				CLANG_WARN_DEPRECATED_OBJC_IMPLEMENTATIONS = YES;
				CLANG_WARN_DIRECT_OBJC_ISA_USAGE = YES_ERROR;
				CLANG_WARN_DOCUMENTATION_COMMENTS = YES;
				CLANG_WARN_EMPTY_BODY = YES;
				CLANG_WARN_ENUM_CONVERSION = YES;
				CLANG_WARN_INFINITE_RECURSION = YES;
				CLANG_WARN_INT_CONVERSION = YES;
				CLANG_WARN_NON_LITERAL_NULL_CONVERSION = YES;
				CLANG_WARN_OBJC_IMPLICIT_RETAIN_SELF = YES;
				CLANG_WARN_OBJC_LITERAL_CONVERSION = YES;
				CLANG_WARN_OBJC_ROOT_CLASS = YES_ERROR;
				CLANG_WARN_QUOTED_INCLUDE_IN_FRAMEWORK_HEADER = YES;
				CLANG_WARN_RANGE_LOOP_ANALYSIS = YES;
				CLANG_WARN_STRICT_PROTOTYPES = YES;
				CLANG_WARN_SUSPICIOUS_MOVE = YES;
				CLANG_WARN_UNGUARDED_AVAILABILITY = YES_AGGRESSIVE;
				CLANG_WARN_UNREACHABLE_CODE = YES;
				CLANG_WARN__DUPLICATE_METHOD_MATCH = YES;
				COPY_PHASE_STRIP = NO;
				DEAD_CODE_STRIPPING = YES;
				DEBUG_INFORMATION_FORMAT = dwarf;
				ENABLE_STRICT_OBJC_MSGSEND = YES;
				ENABLE_TESTABILITY = YES;
				ENABLE_USER_SCRIPT_SANDBOXING = YES;
				GCC_C_LANGUAGE_STANDARD = gnu11;
				GCC_DYNAMIC_NO_PIC = NO;
				GCC_NO_COMMON_BLOCKS = YES;
				GCC_OPTIMIZATION_LEVEL = 0;
				GCC_PREPROCESSOR_DEFINITIONS = (
					"DEBUG=1",
					"$(inherited)",
				);
				GCC_WARN_64_TO_32_BIT_CONVERSION = YES;
				GCC_WARN_ABOUT_RETURN_TYPE = YES_ERROR;
				GCC_WARN_UNDECLARED_SELECTOR = YES;
				GCC_WARN_UNINITIALIZED_AUTOS = YES_AGGRESSIVE;
				GCC_WARN_UNUSED_FUNCTION = YES;
				GCC_WARN_UNUSED_VARIABLE = YES;
				MTL_ENABLE_DEBUG_INFO = INCLUDE_SOURCE;
				MTL_FAST_MATH = YES;
				ONLY_ACTIVE_ARCH = YES;
				OTHER_SWIFT_FLAGS = "-Xfrontend -warn-long-expression-type-checking=500 -Xfrontend -warn-long-function-bodies=1000";
				SWIFT_ACTIVE_COMPILATION_CONDITIONS = DEBUG;
				SWIFT_OPTIMIZATION_LEVEL = "-Onone";
				SWIFT_STRICT_CONCURRENCY = complete;
			};
			name = Debug;
		};
		B945242D28D1109200D9937B /* Release */ = {
			isa = XCBuildConfiguration;
			buildSettings = {
				ALWAYS_SEARCH_USER_PATHS = NO;
				ASSETCATALOG_COMPILER_GENERATE_SWIFT_ASSET_SYMBOL_EXTENSIONS = YES;
				CLANG_ANALYZER_NONNULL = YES;
				CLANG_ANALYZER_NUMBER_OBJECT_CONVERSION = YES_AGGRESSIVE;
				CLANG_CXX_LANGUAGE_STANDARD = "gnu++20";
				CLANG_ENABLE_MODULES = YES;
				CLANG_ENABLE_OBJC_ARC = YES;
				CLANG_ENABLE_OBJC_WEAK = YES;
				CLANG_WARN_BLOCK_CAPTURE_AUTORELEASING = YES;
				CLANG_WARN_BOOL_CONVERSION = YES;
				CLANG_WARN_COMMA = YES;
				CLANG_WARN_CONSTANT_CONVERSION = YES;
				CLANG_WARN_DEPRECATED_OBJC_IMPLEMENTATIONS = YES;
				CLANG_WARN_DIRECT_OBJC_ISA_USAGE = YES_ERROR;
				CLANG_WARN_DOCUMENTATION_COMMENTS = YES;
				CLANG_WARN_EMPTY_BODY = YES;
				CLANG_WARN_ENUM_CONVERSION = YES;
				CLANG_WARN_INFINITE_RECURSION = YES;
				CLANG_WARN_INT_CONVERSION = YES;
				CLANG_WARN_NON_LITERAL_NULL_CONVERSION = YES;
				CLANG_WARN_OBJC_IMPLICIT_RETAIN_SELF = YES;
				CLANG_WARN_OBJC_LITERAL_CONVERSION = YES;
				CLANG_WARN_OBJC_ROOT_CLASS = YES_ERROR;
				CLANG_WARN_QUOTED_INCLUDE_IN_FRAMEWORK_HEADER = YES;
				CLANG_WARN_RANGE_LOOP_ANALYSIS = YES;
				CLANG_WARN_STRICT_PROTOTYPES = YES;
				CLANG_WARN_SUSPICIOUS_MOVE = YES;
				CLANG_WARN_UNGUARDED_AVAILABILITY = YES_AGGRESSIVE;
				CLANG_WARN_UNREACHABLE_CODE = YES;
				CLANG_WARN__DUPLICATE_METHOD_MATCH = YES;
				COPY_PHASE_STRIP = NO;
				DEAD_CODE_STRIPPING = YES;
				DEBUG_INFORMATION_FORMAT = "dwarf-with-dsym";
				ENABLE_NS_ASSERTIONS = NO;
				ENABLE_STRICT_OBJC_MSGSEND = YES;
				ENABLE_USER_SCRIPT_SANDBOXING = YES;
				GCC_C_LANGUAGE_STANDARD = gnu11;
				GCC_NO_COMMON_BLOCKS = YES;
				GCC_WARN_64_TO_32_BIT_CONVERSION = YES;
				GCC_WARN_ABOUT_RETURN_TYPE = YES_ERROR;
				GCC_WARN_UNDECLARED_SELECTOR = YES;
				GCC_WARN_UNINITIALIZED_AUTOS = YES_AGGRESSIVE;
				GCC_WARN_UNUSED_FUNCTION = YES;
				GCC_WARN_UNUSED_VARIABLE = YES;
				MTL_ENABLE_DEBUG_INFO = NO;
				MTL_FAST_MATH = YES;
				SWIFT_COMPILATION_MODE = wholemodule;
				SWIFT_OPTIMIZATION_LEVEL = "-O";
				SWIFT_STRICT_CONCURRENCY = complete;
			};
			name = Release;
		};
		B945242F28D1109200D9937B /* Debug */ = {
			isa = XCBuildConfiguration;
			buildSettings = {
				ASSETCATALOG_COMPILER_APPICON_NAME = AppIcon;
				ASSETCATALOG_COMPILER_GLOBAL_ACCENT_COLOR_NAME = AccentColor;
				CODE_SIGN_ENTITLEMENTS = Satisplannery/Satisplannery.entitlements;
				CODE_SIGN_IDENTITY = "-";
				"CODE_SIGN_IDENTITY[sdk=iphoneos*]" = "Apple Development";
				CODE_SIGN_STYLE = Automatic;
				CURRENT_PROJECT_VERSION = 1;
				DEAD_CODE_STRIPPING = YES;
				DEVELOPMENT_ASSET_PATHS = "\"Satisplannery/Preview Content\"";
				DEVELOPMENT_TEAM = FT8GV27U5R;
				ENABLE_PREVIEWS = YES;
				GENERATE_INFOPLIST_FILE = YES;
				INFOPLIST_FILE = Satisplannery/Info.plist;
				"INFOPLIST_KEY_UIApplicationSceneManifest_Generation[sdk=iphoneos*]" = YES;
				"INFOPLIST_KEY_UIApplicationSceneManifest_Generation[sdk=iphonesimulator*]" = YES;
				"INFOPLIST_KEY_UIApplicationSupportsIndirectInputEvents[sdk=iphoneos*]" = YES;
				"INFOPLIST_KEY_UIApplicationSupportsIndirectInputEvents[sdk=iphonesimulator*]" = YES;
				"INFOPLIST_KEY_UILaunchScreen_Generation[sdk=iphoneos*]" = YES;
				"INFOPLIST_KEY_UILaunchScreen_Generation[sdk=iphonesimulator*]" = YES;
				"INFOPLIST_KEY_UIStatusBarStyle[sdk=iphoneos*]" = UIStatusBarStyleDefault;
				"INFOPLIST_KEY_UIStatusBarStyle[sdk=iphonesimulator*]" = UIStatusBarStyleDefault;
				INFOPLIST_KEY_UISupportedInterfaceOrientations_iPad = "UIInterfaceOrientationPortrait UIInterfaceOrientationPortraitUpsideDown UIInterfaceOrientationLandscapeLeft UIInterfaceOrientationLandscapeRight";
				INFOPLIST_KEY_UISupportedInterfaceOrientations_iPhone = "UIInterfaceOrientationPortrait UIInterfaceOrientationLandscapeLeft UIInterfaceOrientationLandscapeRight";
				IPHONEOS_DEPLOYMENT_TARGET = 17.0;
				LD_RUNPATH_SEARCH_PATHS = "@executable_path/Frameworks";
				"LD_RUNPATH_SEARCH_PATHS[sdk=macosx*]" = "@executable_path/../Frameworks";
				MACOSX_DEPLOYMENT_TARGET = 13.0;
				MARKETING_VERSION = 1.0;
				PRODUCT_BUNDLE_IDENTIFIER = com.juliand665.Satisplannery;
				PRODUCT_NAME = "$(TARGET_NAME)";
				SDKROOT = auto;
				SUPPORTED_PLATFORMS = "iphoneos iphonesimulator macosx";
				SUPPORTS_MACCATALYST = YES;
				SUPPORTS_MAC_DESIGNED_FOR_IPHONE_IPAD = NO;
				SWIFT_EMIT_LOC_STRINGS = YES;
				SWIFT_VERSION = 5.0;
				TARGETED_DEVICE_FAMILY = "1,2";
			};
			name = Debug;
		};
		B945243028D1109200D9937B /* Release */ = {
			isa = XCBuildConfiguration;
			buildSettings = {
				ASSETCATALOG_COMPILER_APPICON_NAME = AppIcon;
				ASSETCATALOG_COMPILER_GLOBAL_ACCENT_COLOR_NAME = AccentColor;
				CODE_SIGN_ENTITLEMENTS = Satisplannery/Satisplannery.entitlements;
				CODE_SIGN_IDENTITY = "-";
				"CODE_SIGN_IDENTITY[sdk=iphoneos*]" = "Apple Development";
				CODE_SIGN_STYLE = Automatic;
				CURRENT_PROJECT_VERSION = 1;
				DEAD_CODE_STRIPPING = YES;
				DEVELOPMENT_ASSET_PATHS = "\"Satisplannery/Preview Content\"";
				DEVELOPMENT_TEAM = FT8GV27U5R;
				ENABLE_PREVIEWS = YES;
				GENERATE_INFOPLIST_FILE = YES;
				INFOPLIST_FILE = Satisplannery/Info.plist;
				"INFOPLIST_KEY_UIApplicationSceneManifest_Generation[sdk=iphoneos*]" = YES;
				"INFOPLIST_KEY_UIApplicationSceneManifest_Generation[sdk=iphonesimulator*]" = YES;
				"INFOPLIST_KEY_UIApplicationSupportsIndirectInputEvents[sdk=iphoneos*]" = YES;
				"INFOPLIST_KEY_UIApplicationSupportsIndirectInputEvents[sdk=iphonesimulator*]" = YES;
				"INFOPLIST_KEY_UILaunchScreen_Generation[sdk=iphoneos*]" = YES;
				"INFOPLIST_KEY_UILaunchScreen_Generation[sdk=iphonesimulator*]" = YES;
				"INFOPLIST_KEY_UIStatusBarStyle[sdk=iphoneos*]" = UIStatusBarStyleDefault;
				"INFOPLIST_KEY_UIStatusBarStyle[sdk=iphonesimulator*]" = UIStatusBarStyleDefault;
				INFOPLIST_KEY_UISupportedInterfaceOrientations_iPad = "UIInterfaceOrientationPortrait UIInterfaceOrientationPortraitUpsideDown UIInterfaceOrientationLandscapeLeft UIInterfaceOrientationLandscapeRight";
				INFOPLIST_KEY_UISupportedInterfaceOrientations_iPhone = "UIInterfaceOrientationPortrait UIInterfaceOrientationLandscapeLeft UIInterfaceOrientationLandscapeRight";
				IPHONEOS_DEPLOYMENT_TARGET = 17.0;
				LD_RUNPATH_SEARCH_PATHS = "@executable_path/Frameworks";
				"LD_RUNPATH_SEARCH_PATHS[sdk=macosx*]" = "@executable_path/../Frameworks";
				MACOSX_DEPLOYMENT_TARGET = 13.0;
				MARKETING_VERSION = 1.0;
				PRODUCT_BUNDLE_IDENTIFIER = com.juliand665.Satisplannery;
				PRODUCT_NAME = "$(TARGET_NAME)";
				SDKROOT = auto;
				SUPPORTED_PLATFORMS = "iphoneos iphonesimulator macosx";
				SUPPORTS_MACCATALYST = YES;
				SUPPORTS_MAC_DESIGNED_FOR_IPHONE_IPAD = NO;
				SWIFT_EMIT_LOC_STRINGS = YES;
				SWIFT_VERSION = 5.0;
				TARGETED_DEVICE_FAMILY = "1,2";
			};
			name = Release;
		};
		B945243C28D1230800D9937B /* Debug */ = {
			isa = XCBuildConfiguration;
			buildSettings = {
				CODE_SIGN_IDENTITY = "-";
				CODE_SIGN_STYLE = Automatic;
				DEAD_CODE_STRIPPING = YES;
				DEVELOPMENT_TEAM = FT8GV27U5R;
				ENABLE_HARDENED_RUNTIME = YES;
				MACOSX_DEPLOYMENT_TARGET = 13.0;
				PRODUCT_NAME = "$(TARGET_NAME)";
				SDKROOT = macosx;
				SWIFT_VERSION = 5.0;
			};
			name = Debug;
		};
		B945243D28D1230800D9937B /* Release */ = {
			isa = XCBuildConfiguration;
			buildSettings = {
				CODE_SIGN_IDENTITY = "-";
				CODE_SIGN_STYLE = Automatic;
				DEAD_CODE_STRIPPING = YES;
				DEVELOPMENT_TEAM = FT8GV27U5R;
				ENABLE_HARDENED_RUNTIME = YES;
				MACOSX_DEPLOYMENT_TARGET = 13.0;
				PRODUCT_NAME = "$(TARGET_NAME)";
				SDKROOT = macosx;
				SWIFT_VERSION = 5.0;
			};
			name = Release;
		};
/* End XCBuildConfiguration section */

/* Begin XCConfigurationList section */
		B945241A28D1108D00D9937B /* Build configuration list for PBXProject "Satisplannery" */ = {
			isa = XCConfigurationList;
			buildConfigurations = (
				B945242C28D1109200D9937B /* Debug */,
				B945242D28D1109200D9937B /* Release */,
			);
			defaultConfigurationIsVisible = 0;
			defaultConfigurationName = Release;
		};
		B945242E28D1109200D9937B /* Build configuration list for PBXNativeTarget "Satisplannery" */ = {
			isa = XCConfigurationList;
			buildConfigurations = (
				B945242F28D1109200D9937B /* Debug */,
				B945243028D1109200D9937B /* Release */,
			);
			defaultConfigurationIsVisible = 0;
			defaultConfigurationName = Release;
		};
		B945243B28D1230800D9937B /* Build configuration list for PBXNativeTarget "Data Collector" */ = {
			isa = XCConfigurationList;
			buildConfigurations = (
				B945243C28D1230800D9937B /* Debug */,
				B945243D28D1230800D9937B /* Release */,
			);
			defaultConfigurationIsVisible = 0;
			defaultConfigurationName = Release;
		};
/* End XCConfigurationList section */

/* Begin XCRemoteSwiftPackageReference section */
		B9269B7928D2490800B95697 /* XCRemoteSwiftPackageReference "swift-algorithms" */ = {
			isa = XCRemoteSwiftPackageReference;
			repositoryURL = "https://github.com/apple/swift-algorithms.git";
			requirement = {
				branch = main;
				kind = branch;
			};
		};
		B9269B8228D2929800B95697 /* XCRemoteSwiftPackageReference "HandyOperators" */ = {
			isa = XCRemoteSwiftPackageReference;
			repositoryURL = "https://github.com/juliand665/HandyOperators";
			requirement = {
				kind = upToNextMajorVersion;
				minimumVersion = 2.0.0;
			};
		};
		B945243E28D1317500D9937B /* XCRemoteSwiftPackageReference "SimpleParser" */ = {
			isa = XCRemoteSwiftPackageReference;
			repositoryURL = "https://github.com/juliand665/SimpleParser.git";
			requirement = {
				branch = main;
				kind = branch;
			};
		};
		B945245328D1695C00D9937B /* XCRemoteSwiftPackageReference "UserDefault" */ = {
			isa = XCRemoteSwiftPackageReference;
			repositoryURL = "https://github.com/juliand665/UserDefault";
			requirement = {
				kind = upToNextMajorVersion;
				minimumVersion = 1.0.0;
			};
		};
		B9C4484829AFBEC40055B158 /* XCRemoteSwiftPackageReference "SwiftUI-Introspect" */ = {
			isa = XCRemoteSwiftPackageReference;
			repositoryURL = "https://github.com/siteline/SwiftUI-Introspect";
			requirement = {
				kind = upToNextMajorVersion;
				minimumVersion = 0.2.3;
			};
		};
/* End XCRemoteSwiftPackageReference section */

/* Begin XCSwiftPackageProductDependency section */
		B9269B7A28D2490800B95697 /* Algorithms */ = {
			isa = XCSwiftPackageProductDependency;
			package = B9269B7928D2490800B95697 /* XCRemoteSwiftPackageReference "swift-algorithms" */;
			productName = Algorithms;
		};
		B9269B8328D2929800B95697 /* HandyOperators */ = {
			isa = XCSwiftPackageProductDependency;
			package = B9269B8228D2929800B95697 /* XCRemoteSwiftPackageReference "HandyOperators" */;
			productName = HandyOperators;
		};
		B945244228D1319000D9937B /* SimpleParser */ = {
			isa = XCSwiftPackageProductDependency;
			package = B945243E28D1317500D9937B /* XCRemoteSwiftPackageReference "SimpleParser" */;
			productName = SimpleParser;
		};
		B945245428D1695C00D9937B /* UserDefault */ = {
			isa = XCSwiftPackageProductDependency;
			package = B945245328D1695C00D9937B /* XCRemoteSwiftPackageReference "UserDefault" */;
			productName = UserDefault;
		};
		B9C4484929AFBEC40055B158 /* Introspect */ = {
			isa = XCSwiftPackageProductDependency;
			package = B9C4484829AFBEC40055B158 /* XCRemoteSwiftPackageReference "SwiftUI-Introspect" */;
			productName = Introspect;
		};
/* End XCSwiftPackageProductDependency section */
	};
	rootObject = B945241728D1108D00D9937B /* Project object */;
}
